$ANSIBLE_VAULT;1.1;AES256
32346432316430376239333134333061393262653436353537306335653637653565393464346536
3334343562623830623063343464353264343836326435610a306137306166633731343464666465
36376465656333303363636530653432333635323766386433333761373362333364343965633963
3235356661656564340a663038613039303235306638646336313235306631316334343436303239
39316233626339656138666435383839396333376635636635343762373636616438
